
Microsoft Visual Studio Solution File, Format Version 12.00
# Visual Studio 15
VisualStudioVersion = 15.0.33529.398
MinimumVisualStudioVersion = 10.0.40219.1
Project("{FAE04EC0-301F-11D3-BF4B-00C04F79EFBC}") = "ColdBananaUmbraco", "ColdBananaUmbraco\ColdBananaUmbraco.csproj", "{D43DC268-4394-4B28-91A6-5517455A8FDC}"
EndProject
Global
	GlobalSection(SolutionConfigurationPlatforms) = preSolution
		Debug|Any CPU = Debug|Any CPU
		Release|Any CPU = Release|Any CPU
	EndGlobalSection
	GlobalSection(ProjectConfigurationPlatforms) = postSolution
		{D43DC268-4394-4B28-91A6-5517455A8FDC}.Debug|Any CPU.ActiveCfg = Debug|Any CPU
		{D43DC268-4394-4B28-91A6-5517455A8FDC}.Debug|Any CPU.Build.0 = Debug|Any CPU
		{D43DC268-4394-4B28-91A6-5517455A8FDC}.Release|Any CPU.ActiveCfg = Release|Any CPU
		{D43DC268-4394-4B28-91A6-5517455A8FDC}.Release|Any CPU.Build.0 = Release|Any CPU
	EndGlobalSection
	GlobalSection(SolutionProperties) = preSolution
		HideSolutionNode = FALSE
	EndGlobalSection
	GlobalSection(ExtensibilityGlobals) = postSolution
		SolutionGuid = {11D27312-56E1-4572-B6AC-F429908F4DAD}
	EndGlobalSection
EndGlobal
